version = 1
revision = 2
requires-python = ">=3.13"

[manifest]
members = [
    "account-overview",
    "ai-analysis",
    "financial-statement",
    "microservices-architecture",
]

[[package]]
name = "account-overview"
version = "0.1.0"
source = { virtual = "services/account_overview" }

[[package]]
name = "ai-analysis"
version = "0.1.0"
source = { virtual = "services/ai_analysis" }

[[package]]
name = "financial-statement"
version = "0.1.0"
source = { virtual = "services/financial_statement" }

[[package]]
name = "microservices-architecture"
version = "0.1.0"
source = { virtual = "." }
